{
  "name": "leksysdata",
  "version": "1.0.0",
  "lockfileVersion": 3,
  "requires": true,
  "packages": {
    "": {
      "name": "leksysdata",
      "version": "1.0.0",
      "license": "MIT",
      "dependencies": {
        "leksysutility": "^1.0.1"
      }
    },
    "node_modules/leksysdata": {
      "version": "1.0.0",
      "resolved": "https://registry.npmjs.org/leksysdata/-/leksysdata-1.0.0.tgz",
      "integrity": "sha512-uBAOBOfUvUe9sajcV2E9Ta3pI/rNzlzJfaf8p2mtuhcpfcdkGU1h1NsRkJSSpPvbAhPOndt9H/mmO0RW9oNipQ=="
    },
    "node_modules/leksysutility": {
      "version": "1.0.1",
      "resolved": "https://registry.npmjs.org/leksysutility/-/leksysutility-1.0.1.tgz",
      "integrity": "sha512-Ax10gUluCx6s6gP5WUuidBi8Z1V2XgIUM6PRxr8NCf9Nfu3kS+ZRqrJXrsbKSRlQBj6DyV6kpQ9R8s53oCL92Q==",
      "dependencies": {
        "leksysdata": "^1.0.0"
      }
    }
  }
}
